
Microsoft Visual Studio Solution File, Format Version 12.00
# Visual Studio 15
VisualStudioVersion = 15.0.27130.2036
MinimumVisualStudioVersion = 10.0.40219.1
Project("{FAE04EC0-301F-11D3-BF4B-00C04F79EFBC}") = "WeatherCollector", "WeatherCollector\WeatherCollector.csproj", "{0BC8350F-8175-4ABB-8A7F-951B347BA8E9}"
EndProject
Project("{FAE04EC0-301F-11D3-BF4B-00C04F79EFBC}") = "WeatherAdminWPF", "WeatherAdminWPF\WeatherAdminWPF.csproj", "{6BEA6929-0371-4AD3-9603-B6A685512770}"
EndProject
Project("{CC5FD16D-436D-48AD-A40C-5A424C6E3E79}") = "WeatherCloudService", "WeatherCloudService\WeatherCloudService.ccproj", "{37B3998A-9BE1-412E-BECE-E3464C290769}"
EndProject
Project("{FAE04EC0-301F-11D3-BF4B-00C04F79EFBC}") = "WeatherWorkerRole", "WeatherWorkerRole\WeatherWorkerRole.csproj", "{36FBD676-9065-4839-B594-EA409845D78F}"
EndProject
Project("{FAE04EC0-301F-11D3-BF4B-00C04F79EFBC}") = "NotInUseRole", "WeatherReplicatorWorkerRole\NotInUseRole.csproj", "{A4CE2F6F-6FBA-4391-8049-57829798587D}"
EndProject
Project("{FAE04EC0-301F-11D3-BF4B-00C04F79EFBC}") = "WeatherWebRole", "WeatherWebRole\WeatherWebRole.csproj", "{224EC08D-F648-4E0E-8D86-7866345CE8A6}"
EndProject
Project("{FAE04EC0-301F-11D3-BF4B-00C04F79EFBC}") = "WeatherCommon", "WeatherCommon\WeatherCommon.csproj", "{05B8209C-E3AF-4E65-8A78-7EEB832F2CE9}"
EndProject
Project("{FAE04EC0-301F-11D3-BF4B-00C04F79EFBC}") = "WeatherWorkerRoleData", "WeatherWorkerRoleData\WeatherWorkerRoleData.csproj", "{C578EC12-F342-4BFC-92F4-10ACD76B5D06}"
EndProject
Project("{FAE04EC0-301F-11D3-BF4B-00C04F79EFBC}") = "NotInUseData", "WeatherReplicatorData\NotInUseData.csproj", "{AE7014FA-63AE-4F49-A8F1-D80BCBEA2DAF}"
EndProject
Project("{2150E333-8FDC-42A3-9474-1A3956D46DE8}") = "Cloud", "Cloud", "{B65171FB-6205-4F5A-8A1A-54AD5F663098}"
EndProject
Project("{2150E333-8FDC-42A3-9474-1A3956D46DE8}") = "WPF", "WPF", "{5281A465-4A7E-4261-A79D-6B2350EF2060}"
EndProject
Project("{2150E333-8FDC-42A3-9474-1A3956D46DE8}") = "Collector", "Collector", "{165461F5-8164-4CE5-B7E8-D2ED028BB2BF}"
EndProject
Project("{2150E333-8FDC-42A3-9474-1A3956D46DE8}") = "Common", "Common", "{5010AA19-BC96-484E-AA92-C24D05BDEFD7}"
EndProject
Project("{2150E333-8FDC-42A3-9474-1A3956D46DE8}") = "WebRole", "WebRole", "{B2176C64-CD66-4623-8E2E-31279B359D54}"
EndProject
Project("{2150E333-8FDC-42A3-9474-1A3956D46DE8}") = "NotInUse", "NotInUse", "{13C0AAC3-9FBE-4AAF-AFF1-74C069B940A6}"
EndProject
Project("{2150E333-8FDC-42A3-9474-1A3956D46DE8}") = "WorkerRole", "WorkerRole", "{1E6BC9BB-CED2-4A79-9A8F-20191DAE3891}"
EndProject
Project("{2150E333-8FDC-42A3-9474-1A3956D46DE8}") = "Tests", "Tests", "{C0B2C590-1739-4676-A780-65E86D1972FA}"
EndProject
Project("{FAE04EC0-301F-11D3-BF4B-00C04F79EFBC}") = "Tests", "Tests\Tests.csproj", "{88A71BB9-BDBE-4ED6-9533-D1802E55BCBD}"
EndProject
Global
	GlobalSection(SolutionConfigurationPlatforms) = preSolution
		Debug|Any CPU = Debug|Any CPU
		Release|Any CPU = Release|Any CPU
	EndGlobalSection
	GlobalSection(ProjectConfigurationPlatforms) = postSolution
		{0BC8350F-8175-4ABB-8A7F-951B347BA8E9}.Debug|Any CPU.ActiveCfg = Debug|Any CPU
		{0BC8350F-8175-4ABB-8A7F-951B347BA8E9}.Debug|Any CPU.Build.0 = Debug|Any CPU
		{0BC8350F-8175-4ABB-8A7F-951B347BA8E9}.Release|Any CPU.ActiveCfg = Release|Any CPU
		{0BC8350F-8175-4ABB-8A7F-951B347BA8E9}.Release|Any CPU.Build.0 = Release|Any CPU
		{6BEA6929-0371-4AD3-9603-B6A685512770}.Debug|Any CPU.ActiveCfg = Debug|Any CPU
		{6BEA6929-0371-4AD3-9603-B6A685512770}.Debug|Any CPU.Build.0 = Debug|Any CPU
		{6BEA6929-0371-4AD3-9603-B6A685512770}.Release|Any CPU.ActiveCfg = Release|Any CPU
		{6BEA6929-0371-4AD3-9603-B6A685512770}.Release|Any CPU.Build.0 = Release|Any CPU
		{37B3998A-9BE1-412E-BECE-E3464C290769}.Debug|Any CPU.ActiveCfg = Debug|Any CPU
		{37B3998A-9BE1-412E-BECE-E3464C290769}.Debug|Any CPU.Build.0 = Debug|Any CPU
		{37B3998A-9BE1-412E-BECE-E3464C290769}.Release|Any CPU.ActiveCfg = Release|Any CPU
		{37B3998A-9BE1-412E-BECE-E3464C290769}.Release|Any CPU.Build.0 = Release|Any CPU
		{36FBD676-9065-4839-B594-EA409845D78F}.Debug|Any CPU.ActiveCfg = Debug|Any CPU
		{36FBD676-9065-4839-B594-EA409845D78F}.Debug|Any CPU.Build.0 = Debug|Any CPU
		{36FBD676-9065-4839-B594-EA409845D78F}.Release|Any CPU.ActiveCfg = Release|Any CPU
		{36FBD676-9065-4839-B594-EA409845D78F}.Release|Any CPU.Build.0 = Release|Any CPU
		{A4CE2F6F-6FBA-4391-8049-57829798587D}.Debug|Any CPU.ActiveCfg = Debug|Any CPU
		{A4CE2F6F-6FBA-4391-8049-57829798587D}.Debug|Any CPU.Build.0 = Debug|Any CPU
		{A4CE2F6F-6FBA-4391-8049-57829798587D}.Release|Any CPU.ActiveCfg = Release|Any CPU
		{A4CE2F6F-6FBA-4391-8049-57829798587D}.Release|Any CPU.Build.0 = Release|Any CPU
		{224EC08D-F648-4E0E-8D86-7866345CE8A6}.Debug|Any CPU.ActiveCfg = Debug|Any CPU
		{224EC08D-F648-4E0E-8D86-7866345CE8A6}.Debug|Any CPU.Build.0 = Debug|Any CPU
		{224EC08D-F648-4E0E-8D86-7866345CE8A6}.Release|Any CPU.ActiveCfg = Release|Any CPU
		{224EC08D-F648-4E0E-8D86-7866345CE8A6}.Release|Any CPU.Build.0 = Release|Any CPU
		{05B8209C-E3AF-4E65-8A78-7EEB832F2CE9}.Debug|Any CPU.ActiveCfg = Debug|Any CPU
		{05B8209C-E3AF-4E65-8A78-7EEB832F2CE9}.Debug|Any CPU.Build.0 = Debug|Any CPU
		{05B8209C-E3AF-4E65-8A78-7EEB832F2CE9}.Release|Any CPU.ActiveCfg = Release|Any CPU
		{05B8209C-E3AF-4E65-8A78-7EEB832F2CE9}.Release|Any CPU.Build.0 = Release|Any CPU
		{C578EC12-F342-4BFC-92F4-10ACD76B5D06}.Debug|Any CPU.ActiveCfg = Debug|Any CPU
		{C578EC12-F342-4BFC-92F4-10ACD76B5D06}.Debug|Any CPU.Build.0 = Debug|Any CPU
		{C578EC12-F342-4BFC-92F4-10ACD76B5D06}.Release|Any CPU.ActiveCfg = Release|Any CPU
		{C578EC12-F342-4BFC-92F4-10ACD76B5D06}.Release|Any CPU.Build.0 = Release|Any CPU
		{AE7014FA-63AE-4F49-A8F1-D80BCBEA2DAF}.Debug|Any CPU.ActiveCfg = Debug|Any CPU
		{AE7014FA-63AE-4F49-A8F1-D80BCBEA2DAF}.Debug|Any CPU.Build.0 = Debug|Any CPU
		{AE7014FA-63AE-4F49-A8F1-D80BCBEA2DAF}.Release|Any CPU.ActiveCfg = Release|Any CPU
		{AE7014FA-63AE-4F49-A8F1-D80BCBEA2DAF}.Release|Any CPU.Build.0 = Release|Any CPU
		{88A71BB9-BDBE-4ED6-9533-D1802E55BCBD}.Debug|Any CPU.ActiveCfg = Debug|Any CPU
		{88A71BB9-BDBE-4ED6-9533-D1802E55BCBD}.Debug|Any CPU.Build.0 = Debug|Any CPU
		{88A71BB9-BDBE-4ED6-9533-D1802E55BCBD}.Release|Any CPU.ActiveCfg = Release|Any CPU
		{88A71BB9-BDBE-4ED6-9533-D1802E55BCBD}.Release|Any CPU.Build.0 = Release|Any CPU
	EndGlobalSection
	GlobalSection(SolutionProperties) = preSolution
		HideSolutionNode = FALSE
	EndGlobalSection
	GlobalSection(NestedProjects) = preSolution
		{0BC8350F-8175-4ABB-8A7F-951B347BA8E9} = {165461F5-8164-4CE5-B7E8-D2ED028BB2BF}
		{6BEA6929-0371-4AD3-9603-B6A685512770} = {5281A465-4A7E-4261-A79D-6B2350EF2060}
		{37B3998A-9BE1-412E-BECE-E3464C290769} = {B65171FB-6205-4F5A-8A1A-54AD5F663098}
		{36FBD676-9065-4839-B594-EA409845D78F} = {1E6BC9BB-CED2-4A79-9A8F-20191DAE3891}
		{A4CE2F6F-6FBA-4391-8049-57829798587D} = {13C0AAC3-9FBE-4AAF-AFF1-74C069B940A6}
		{224EC08D-F648-4E0E-8D86-7866345CE8A6} = {B2176C64-CD66-4623-8E2E-31279B359D54}
		{05B8209C-E3AF-4E65-8A78-7EEB832F2CE9} = {5010AA19-BC96-484E-AA92-C24D05BDEFD7}
		{C578EC12-F342-4BFC-92F4-10ACD76B5D06} = {1E6BC9BB-CED2-4A79-9A8F-20191DAE3891}
		{AE7014FA-63AE-4F49-A8F1-D80BCBEA2DAF} = {13C0AAC3-9FBE-4AAF-AFF1-74C069B940A6}
		{B2176C64-CD66-4623-8E2E-31279B359D54} = {B65171FB-6205-4F5A-8A1A-54AD5F663098}
		{13C0AAC3-9FBE-4AAF-AFF1-74C069B940A6} = {B65171FB-6205-4F5A-8A1A-54AD5F663098}
		{1E6BC9BB-CED2-4A79-9A8F-20191DAE3891} = {B65171FB-6205-4F5A-8A1A-54AD5F663098}
		{88A71BB9-BDBE-4ED6-9533-D1802E55BCBD} = {C0B2C590-1739-4676-A780-65E86D1972FA}
	EndGlobalSection
	GlobalSection(ExtensibilityGlobals) = postSolution
		SolutionGuid = {45782DE3-3C33-4A8B-B6F4-B4428418261E}
	EndGlobalSection
EndGlobal
